<?xml version="1.0" encoding="UTF-8"?>
<CONFIG>
  <ProjectOptions>
    <Version Value="9"/>
    <PathDelim Value="\"/>
    <General>
      <Flags>
        <SaveOnlyProjectUnits Value="True"/>
        <MainUnitHasUsesSectionForAllUnits Value="False"/>
      </Flags>
      <SessionStorage Value="InProjectDir"/>
      <MainUnit Value="0"/>
      <AutoCreateForms Value="False"/>
      <Title Value="mvctest"/>
      <ResourceType Value="res"/>
      <UseXPManifest Value="True"/>
      <Icon Value="0"/>
    </General>
    <i18n>
      <EnableI18N LFM="False"/>
    </i18n>
    <VersionInfo>
      <UseVersionInfo Value="True"/>
      <AutoIncrementBuild Value="True"/>
      <MajorVersionNr Value="2"/>
      <RevisionNr Value="2"/>
      <BuildNr Value="134"/>
      <Language Value="040A"/>
      <StringTable ProductVersion=""/>
    </VersionInfo>
    <BuildModes Count="1">
      <Item1 Name="Default" Default="True"/>
    </BuildModes>
    <PublishOptions>
      <Version Value="2"/>
    </PublishOptions>
    <RunParams>
      <local>
        <FormatVersion Value="1"/>
      </local>
    </RunParams>
    <RequiredPackages Count="5">
      <Item1>
        <PackageName Value="TurboPowerIPro"/>
      </Item1>
      <Item2>
        <PackageName Value="lazreport"/>
      </Item2>
      <Item3>
        <PackageName Value="SQLDBLaz"/>
      </Item3>
      <Item4>
        <PackageName Value="FCL"/>
      </Item4>
      <Item5>
        <PackageName Value="LCL"/>
      </Item5>
    </RequiredPackages>
    <Units Count="153">
      <Unit0>
        <Filename Value="mvctest.lpr"/>
        <IsPartOfProject Value="True"/>
        <UnitName Value="mvctest"/>
      </Unit0>
      <Unit1>
        <Filename Value="view\frmabmacademias.pas"/>
        <IsPartOfProject Value="True"/>
        <ComponentName Value="AbmAcademias"/>
        <HasResources Value="True"/>
        <ResourceBaseClass Value="Form"/>
        <UnitName Value="frmabmacademias"/>
      </Unit1>
      <Unit2>
        <Filename Value="view\principal.pas"/>
        <IsPartOfProject Value="True"/>
        <ComponentName Value="Principal1"/>
        <HasResources Value="True"/>
        <ResourceBaseClass Value="Form"/>
        <UnitName Value="Principal"/>
      </Unit2>
      <Unit3>
        <Filename Value="model\frmsgcddatamodule.pas"/>
        <IsPartOfProject Value="True"/>
        <ComponentName Value="sgcdDataModule"/>
        <HasResources Value="True"/>
        <ResourceBaseClass Value="DataModule"/>
        <UnitName Value="frmsgcddatamodule"/>
      </Unit3>
      <Unit4>
        <Filename Value="model\frmacademiadatamodule.pas"/>
        <IsPartOfProject Value="True"/>
        <ComponentName Value="AcademiaDataModule"/>
        <HasResources Value="True"/>
        <ResourceBaseClass Value="DataModule"/>
        <UnitName Value="frmacademiadatamodule"/>
      </Unit4>
      <Unit5>
        <Filename Value="model\frmprincipaldatamodule.pas"/>
        <IsPartOfProject Value="True"/>
        <ComponentName Value="PrincipalDataModule"/>
        <HasResources Value="True"/>
        <ResourceBaseClass Value="DataModule"/>
        <UnitName Value="frmprincipaldatamodule"/>
      </Unit5>
      <Unit6>
        <Filename Value="maestro\frmprocesoseleccion.pas"/>
        <IsPartOfProject Value="True"/>
        <HasResources Value="True"/>
        <UnitName Value="frmprocesoseleccion"/>
      </Unit6>
      <Unit7>
        <Filename Value="maestro\frmproceso.pas"/>
        <IsPartOfProject Value="True"/>
        <ComponentName Value="Proceso"/>
        <HasResources Value="True"/>
        <ResourceBaseClass Value="Form"/>
        <UnitName Value="frmproceso"/>
      </Unit7>
      <Unit8>
        <Filename Value="maestro\frmmaestro.pas"/>
        <IsPartOfProject Value="True"/>
        <ComponentName Value="Maestro"/>
        <HasResources Value="True"/>
        <ResourceBaseClass Value="Form"/>
        <UnitName Value="frmMaestro"/>
      </Unit8>
      <Unit9>
        <Filename Value="maestro\frmAbm.pas"/>
        <IsPartOfProject Value="True"/>
        <ComponentName Value="Abm"/>
        <HasResources Value="True"/>
        <ResourceBaseClass Value="Form"/>
        <UnitName Value="frmAbm"/>
      </Unit9>
      <Unit10>
        <Filename Value="controller\academiactrl.pas"/>
        <IsPartOfProject Value="True"/>
        <UnitName Value="academiactrl"/>
      </Unit10>
      <Unit11>
        <Filename Value="controller\ctrl.pas"/>
        <IsPartOfProject Value="True"/>
        <UnitName Value="ctrl"/>
      </Unit11>
      <Unit12>
        <Filename Value="controller\principalctrl.pas"/>
        <IsPartOfProject Value="True"/>
        <UnitName Value="principalctrl"/>
      </Unit12>
      <Unit13>
        <Filename Value="base\mensajes.pas"/>
        <IsPartOfProject Value="True"/>
        <UnitName Value="mensajes"/>
      </Unit13>
      <Unit14>
        <Filename Value="base\mvc.pas"/>
        <IsPartOfProject Value="True"/>
        <UnitName Value="mvc"/>
      </Unit14>
      <Unit15>
        <Filename Value="base\observersubject.pas"/>
        <IsPartOfProject Value="True"/>
        <UnitName Value="observerSubject"/>
      </Unit15>
      <Unit16>
        <Filename Value="base\sgcdtypes.pas"/>
        <IsPartOfProject Value="True"/>
        <UnitName Value="sgcdTypes"/>
      </Unit16>
      <Unit17>
        <Filename Value="model\frmquerydatamodule.pas"/>
        <IsPartOfProject Value="True"/>
        <ComponentName Value="QueryDataModule"/>
        <HasResources Value="True"/>
        <ResourceBaseClass Value="DataModule"/>
        <UnitName Value="frmquerydatamodule"/>
      </Unit17>
      <Unit18>
        <Filename Value="model\frmpersonasdatamodule.pas"/>
        <IsPartOfProject Value="True"/>
        <ComponentName Value="PersonasDataModule"/>
        <HasResources Value="True"/>
        <ResourceBaseClass Value="DataModule"/>
        <UnitName Value="frmpersonasdatamodule"/>
      </Unit18>
      <Unit19>
        <Filename Value="view\frmabmpersonas.pas"/>
        <IsPartOfProject Value="True"/>
        <ComponentName Value="AbmPersonas"/>
        <HasResources Value="True"/>
        <ResourceBaseClass Value="Form"/>
        <UnitName Value="frmabmpersonas"/>
      </Unit19>
      <Unit20>
        <Filename Value="controller\personactrl.pas"/>
        <IsPartOfProject Value="True"/>
        <UnitName Value="personactrl"/>
      </Unit20>
      <Unit21>
        <Filename Value="model\manejoerrores.pas"/>
        <IsPartOfProject Value="True"/>
        <UnitName Value="manejoerrores"/>
      </Unit21>
      <Unit22>
        <Filename Value="model\frmfacturadatamodule2.pas"/>
        <IsPartOfProject Value="True"/>
        <ComponentName Value="FacturasDataModule"/>
        <HasResources Value="True"/>
        <ResourceBaseClass Value="DataModule"/>
        <UnitName Value="frmfacturadatamodule2"/>
      </Unit22>
      <Unit23>
        <Filename Value="model\frmcomprobantedatamodule.pas"/>
        <IsPartOfProject Value="True"/>
        <ComponentName Value="ComprobanteDataModule"/>
        <HasResources Value="True"/>
        <ResourceBaseClass Value="DataModule"/>
        <UnitName Value="frmcomprobantedatamodule"/>
      </Unit23>
      <Unit24>
        <Filename Value="view\frmprocesofacturacion.pas"/>
        <IsPartOfProject Value="True"/>
        <ComponentName Value="ProcesoFacturacion"/>
        <HasResources Value="True"/>
        <ResourceBaseClass Value="Form"/>
        <UnitName Value="frmprocesofacturacion"/>
      </Unit24>
      <Unit25>
        <Filename Value="view\frmprocesocomprobante.pas"/>
        <IsPartOfProject Value="True"/>
        <ComponentName Value="ProcesoComprobante"/>
        <HasResources Value="True"/>
        <ResourceBaseClass Value="Form"/>
        <UnitName Value="frmprocesocomprobante"/>
      </Unit25>
      <Unit26>
        <Filename Value="controller\comprobantectrl.pas"/>
        <IsPartOfProject Value="True"/>
        <UnitName Value="comprobantectrl"/>
      </Unit26>
      <Unit27>
        <Filename Value="controller\documentosctrl.pas"/>
        <IsPartOfProject Value="True"/>
        <UnitName Value="documentosctrl"/>
      </Unit27>
      <Unit28>
        <Filename Value="controller\facturactrl2.pas"/>
        <IsPartOfProject Value="True"/>
        <UnitName Value="facturactrl2"/>
      </Unit28>
      <Unit29>
        <Filename Value="controller\generardeudactrl.pas"/>
        <IsPartOfProject Value="True"/>
        <UnitName Value="generardeudactrl"/>
      </Unit29>
      <Unit30>
        <Filename Value="controller\movimientoctrl.pas"/>
        <IsPartOfProject Value="True"/>
        <UnitName Value="movimientoctrl"/>
      </Unit30>
      <Unit31>
        <Filename Value="controller\pagoctrl.pas"/>
        <IsPartOfProject Value="True"/>
        <UnitName Value="pagoctrl"/>
      </Unit31>
      <Unit32>
        <Filename Value="view\frmabmcuentas.pas"/>
        <IsPartOfProject Value="True"/>
        <ComponentName Value="AbmCuentas"/>
        <HasResources Value="True"/>
        <ResourceBaseClass Value="Form"/>
        <UnitName Value="frmabmcuentas"/>
      </Unit32>
      <Unit33>
        <Filename Value="view\frmbuscarpersonas.pas"/>
        <IsPartOfProject Value="True"/>
        <ComponentName Value="PopupSeleccionPersonas"/>
        <HasResources Value="True"/>
        <ResourceBaseClass Value="Form"/>
        <UnitName Value="frmbuscarpersonas"/>
      </Unit33>
      <Unit34>
        <Filename Value="view\frmgeneradeuda.pas"/>
        <IsPartOfProject Value="True"/>
        <ComponentName Value="GenerarDeuda"/>
        <HasResources Value="True"/>
        <ResourceBaseClass Value="Form"/>
        <UnitName Value="frmgeneradeuda"/>
      </Unit34>
      <Unit35>
        <Filename Value="view\frmpago.pas"/>
        <IsPartOfProject Value="True"/>
        <ComponentName Value="ProcesoPago"/>
        <HasResources Value="True"/>
        <ResourceBaseClass Value="Form"/>
        <UnitName Value="frmpago"/>
      </Unit35>
      <Unit36>
        <Filename Value="view\frmprocesoasientos.pas"/>
        <IsPartOfProject Value="True"/>
        <ComponentName Value="ProcesoAsientos"/>
        <HasResources Value="True"/>
        <ResourceBaseClass Value="Form"/>
        <UnitName Value="frmprocesoasientos"/>
      </Unit36>
      <Unit37>
        <Filename Value="view\frmprocesodocumentos.pas"/>
        <IsPartOfProject Value="True"/>
        <ComponentName Value="ProcesoDocumentos"/>
        <HasResources Value="True"/>
        <ResourceBaseClass Value="Form"/>
        <UnitName Value="frmprocesodocumentos"/>
      </Unit37>
      <Unit38>
        <Filename Value="view\frmprocesorecibo.pas"/>
        <IsPartOfProject Value="True"/>
        <ComponentName Value="ProcesoRecibo"/>
        <HasResources Value="True"/>
        <ResourceBaseClass Value="Form"/>
        <UnitName Value="frmprocesorecibo"/>
      </Unit38>
      <Unit39>
        <Filename Value="maestro\frmprocesofacturabase.pas"/>
        <IsPartOfProject Value="True"/>
        <ComponentName Value="ProcesoFacturaBase"/>
        <HasResources Value="True"/>
        <ResourceBaseClass Value="Form"/>
        <UnitName Value="frmprocesofacturabase"/>
      </Unit39>
      <Unit40>
        <Filename Value="model\frmaranceldatamodule.pas"/>
        <IsPartOfProject Value="True"/>
        <ComponentName Value="ArancelesDataModule"/>
        <HasResources Value="True"/>
        <ResourceBaseClass Value="DataModule"/>
        <UnitName Value="frmaranceldatamodule"/>
      </Unit40>
      <Unit41>
        <Filename Value="model\frmasientosdatamodule.pas"/>
        <IsPartOfProject Value="True"/>
        <ComponentName Value="AsientosDataModule"/>
        <HasResources Value="True"/>
        <ResourceBaseClass Value="DataModule"/>
        <UnitName Value="frmasientosdatamodule"/>
      </Unit41>
      <Unit42>
        <Filename Value="model\frmcodigosdatamodule.pas"/>
        <IsPartOfProject Value="True"/>
        <ComponentName Value="CodigosDataModule"/>
        <HasResources Value="True"/>
        <ResourceBaseClass Value="DataModule"/>
        <UnitName Value="frmcodigosdatamodule"/>
      </Unit42>
      <Unit43>
        <Filename Value="model\frmcuentadatamodule.pas"/>
        <IsPartOfProject Value="True"/>
        <ComponentName Value="CuentaDataModule"/>
        <HasResources Value="True"/>
        <ResourceBaseClass Value="DataModule"/>
        <UnitName Value="frmcuentadatamodule"/>
      </Unit43>
      <Unit44>
        <Filename Value="model\frmcuotaxarancel.pas"/>
        <IsPartOfProject Value="True"/>
        <ComponentName Value="CuotaArancelDataModule"/>
        <HasResources Value="True"/>
        <ResourceBaseClass Value="DataModule"/>
        <UnitName Value="frmcuotaxarancel"/>
      </Unit44>
      <Unit45>
        <Filename Value="model\frmdocumentosdatamodule.pas"/>
        <IsPartOfProject Value="True"/>
        <ComponentName Value="DocumentosDataModule"/>
        <HasResources Value="True"/>
        <ResourceBaseClass Value="DataModule"/>
        <UnitName Value="frmdocumentosdatamodule"/>
      </Unit45>
      <Unit46>
        <Filename Value="model\frmgeneradeudadatamodule.pas"/>
        <IsPartOfProject Value="True"/>
        <ComponentName Value="GeneraDeudaDataModule"/>
        <HasResources Value="True"/>
        <ResourceBaseClass Value="DataModule"/>
        <UnitName Value="frmgeneradeudadatamodule"/>
      </Unit46>
      <Unit47>
        <Filename Value="model\frmpagodatamodule.pas"/>
        <IsPartOfProject Value="True"/>
        <ComponentName Value="PagoDataModule"/>
        <HasResources Value="True"/>
        <ResourceBaseClass Value="DataModule"/>
        <UnitName Value="frmpagodatamodule"/>
      </Unit47>
      <Unit48>
        <Filename Value="controller\asientosctrl.pas"/>
        <IsPartOfProject Value="True"/>
        <UnitName Value="asientosctrl"/>
      </Unit48>
      <Unit49>
        <Filename Value="controller\cuentactrl.pas"/>
        <IsPartOfProject Value="True"/>
        <UnitName Value="cuentactrl"/>
      </Unit49>
      <Unit50>
        <Filename Value="controller\notacreditoctrl.pas"/>
        <IsPartOfProject Value="True"/>
        <UnitName Value="notacreditoctrl"/>
      </Unit50>
      <Unit51>
        <Filename Value="controller\procesoctrl.pas"/>
        <IsPartOfProject Value="True"/>
        <UnitName Value="procesoctrl"/>
      </Unit51>
      <Unit52>
        <Filename Value="controller\reciboctrl.pas"/>
        <IsPartOfProject Value="True"/>
        <UnitName Value="reciboctrl"/>
      </Unit52>
      <Unit53>
        <Filename Value="model\frmrecibodatamodule.pas"/>
        <IsPartOfProject Value="True"/>
        <ComponentName Value="ReciboDataModule"/>
        <HasResources Value="True"/>
        <ResourceBaseClass Value="DataModule"/>
        <UnitName Value="frmrecibodatamodule"/>
      </Unit53>
      <Unit54>
        <Filename Value="model\frmnotacreditodatamodule.pas"/>
        <IsPartOfProject Value="True"/>
        <ComponentName Value="NotaCreditoDataModule"/>
        <HasResources Value="True"/>
        <ResourceBaseClass Value="DataModule"/>
        <UnitName Value="frmNotaCreditoDataModule"/>
      </Unit54>
      <Unit55>
        <Filename Value="model\frmreportedatamodule.pas"/>
        <IsPartOfProject Value="True"/>
        <ComponentName Value="ReporteDataModule"/>
        <HasResources Value="True"/>
        <ResourceBaseClass Value="DataModule"/>
        <UnitName Value="frmreportedatamodule"/>
      </Unit55>
      <Unit56>
        <Filename Value="model\frmreporteextractodatamodule.pas"/>
        <IsPartOfProject Value="True"/>
        <ComponentName Value="ReporteExtractoDataModule"/>
        <HasResources Value="True"/>
        <ResourceBaseClass Value="DataModule"/>
        <UnitName Value="frmreporteextractodatamodule"/>
      </Unit56>
      <Unit57>
        <Filename Value="view\frmprocesoreporte.pas"/>
        <IsPartOfProject Value="True"/>
        <ComponentName Value="ProcesoReporte"/>
        <HasResources Value="True"/>
        <ResourceBaseClass Value="Form"/>
        <UnitName Value="frmprocesoreporte"/>
      </Unit57>
      <Unit58>
        <Filename Value="view\frmprocesorptextracto.pas"/>
        <IsPartOfProject Value="True"/>
        <ComponentName Value="ProcesoReporteExtracto"/>
        <HasResources Value="True"/>
        <ResourceBaseClass Value="Form"/>
        <UnitName Value="frmprocesorptextracto"/>
      </Unit58>
      <Unit59>
        <Filename Value="controller\reporteextractoctrl.pas"/>
        <IsPartOfProject Value="True"/>
        <UnitName Value="reporteextractoctrl"/>
      </Unit59>
      <Unit60>
        <Filename Value="controller\reportectrl.pas"/>
        <IsPartOfProject Value="True"/>
        <UnitName Value="reportectrl"/>
      </Unit60>
      <Unit61>
        <Filename Value="view\frmprocesonotacredito.pas"/>
        <IsPartOfProject Value="True"/>
        <ComponentName Value="ProcesoNotaCredito"/>
        <HasResources Value="True"/>
        <ResourceBaseClass Value="Form"/>
        <UnitName Value="frmprocesonotacredito"/>
      </Unit61>
      <Unit62>
        <Filename Value="view\frmbuscarfacturas.pas"/>
        <IsPartOfProject Value="True"/>
        <ComponentName Value="PopupSeleccionarFactura"/>
        <HasResources Value="True"/>
        <ResourceBaseClass Value="Form"/>
        <UnitName Value="frmbuscarfacturas"/>
      </Unit62>
      <Unit63>
        <Filename Value="view\frmprocesomatriculacion.pas"/>
        <IsPartOfProject Value="True"/>
        <ComponentName Value="ProcesoMatriculacion"/>
        <HasResources Value="True"/>
        <ResourceBaseClass Value="Form"/>
        <UnitName Value="frmprocesomatriculacion"/>
      </Unit63>
      <Unit64>
        <Filename Value="model\frmmatriculadatamodule.pas"/>
        <IsPartOfProject Value="True"/>
        <ComponentName Value="MatriculaDataModule"/>
        <HasResources Value="True"/>
        <ResourceBaseClass Value="DataModule"/>
        <UnitName Value="frmmatriculadatamodule"/>
      </Unit64>
      <Unit65>
        <Filename Value="model\frmdesarrollodatamodule.pas"/>
        <IsPartOfProject Value="True"/>
        <ComponentName Value="DesarrolloMateriaDataModule"/>
        <HasResources Value="True"/>
        <ResourceBaseClass Value="DataModule"/>
        <UnitName Value="frmdesarrollodatamodule"/>
      </Unit65>
      <Unit66>
        <Filename Value="view\frmpopupseleccionalumnos.pas"/>
        <IsPartOfProject Value="True"/>
        <ComponentName Value="PopupSeleccionAlumnos"/>
        <HasResources Value="True"/>
        <ResourceBaseClass Value="Form"/>
        <UnitName Value="frmpopupseleccionalumnos"/>
      </Unit66>
      <Unit67>
        <Filename Value="model\frmmateriasdatamodule.pas"/>
        <IsPartOfProject Value="True"/>
        <ComponentName Value="MateriasDataModule"/>
        <HasResources Value="True"/>
        <ResourceBaseClass Value="DataModule"/>
        <UnitName Value="frmmateriasdatamodule"/>
      </Unit67>
      <Unit68>
        <Filename Value="model\frmsecciondatamodule.pas"/>
        <IsPartOfProject Value="True"/>
        <ComponentName Value="SeccionDataModule"/>
        <HasResources Value="True"/>
        <ResourceBaseClass Value="DataModule"/>
        <UnitName Value="frmsecciondatamodule"/>
      </Unit68>
      <Unit69>
        <Filename Value="controller\matriculactrl.pas"/>
        <IsPartOfProject Value="True"/>
        <UnitName Value="matriculactrl"/>
      </Unit69>
      <Unit70>
        <Filename Value="view\frmasignacionaranceles.pas"/>
        <IsPartOfProject Value="True"/>
        <ComponentName Value="ProcesoAsignacionAranceles"/>
        <HasResources Value="True"/>
        <ResourceBaseClass Value="Form"/>
        <UnitName Value="frmasignacionaranceles"/>
      </Unit70>
      <Unit71>
        <Filename Value="controller\asignacionctrl.pas"/>
        <IsPartOfProject Value="True"/>
        <UnitName Value="asignacionctrl"/>
      </Unit71>
      <Unit72>
        <Filename Value="model\frmasignacionarancelesdatamodule.pas"/>
        <IsPartOfProject Value="True"/>
        <ComponentName Value="AsignacionArancelesDataModule"/>
        <HasResources Value="True"/>
        <ResourceBaseClass Value="DataModule"/>
        <UnitName Value="frmasignacionarancelesdatamodule"/>
      </Unit72>
      <Unit73>
        <Filename Value="model\frmmodulodatamodule.pas"/>
        <IsPartOfProject Value="True"/>
        <ComponentName Value="ModuloDataModule"/>
        <HasResources Value="True"/>
        <ResourceBaseClass Value="DataModule"/>
        <UnitName Value="frmmodulodatamodule"/>
      </Unit73>
      <Unit74>
        <Filename Value="view\frmabmexamenes.pas"/>
        <IsPartOfProject Value="True"/>
        <ComponentName Value="AbmExamenes"/>
        <HasResources Value="True"/>
        <ResourceBaseClass Value="Form"/>
        <UnitName Value="frmabmexamenes"/>
      </Unit74>
      <Unit75>
        <Filename Value="model\frmexamendatamodule.pas"/>
        <IsPartOfProject Value="True"/>
        <ComponentName Value="ExamenesDataModule"/>
        <HasResources Value="True"/>
        <ResourceBaseClass Value="DataModule"/>
        <UnitName Value="frmexamendatamodule"/>
      </Unit75>
      <Unit76>
        <Filename Value="controller\examenctrl.pas"/>
        <IsPartOfProject Value="True"/>
        <UnitName Value="examenctrl"/>
      </Unit76>
      <Unit77>
        <Filename Value="controller\calificacionctrl.pas"/>
        <IsPartOfProject Value="True"/>
        <UnitName Value="calificacionctrl"/>
      </Unit77>
      <Unit78>
        <Filename Value="model\frmcalificaciondatamodule.pas"/>
        <IsPartOfProject Value="True"/>
        <ComponentName Value="CalificacionDataModule"/>
        <HasResources Value="True"/>
        <ResourceBaseClass Value="DataModule"/>
        <UnitName Value="frmcalificaciondatamodule"/>
      </Unit78>
      <Unit79>
        <Filename Value="view\frmprocesocalificacion.pas"/>
        <IsPartOfProject Value="True"/>
        <ComponentName Value="ProcesoCalificacion"/>
        <HasResources Value="True"/>
        <ResourceBaseClass Value="Form"/>
        <UnitName Value="frmprocesocalificacion"/>
      </Unit79>
      <Unit80>
        <Filename Value="view\frmpopupseleccionexamen.pas"/>
        <IsPartOfProject Value="True"/>
        <ComponentName Value="PopupSeleccionExamen"/>
        <HasResources Value="True"/>
        <ResourceBaseClass Value="Form"/>
        <UnitName Value="frmpopupseleccionexamen"/>
      </Unit80>
      <Unit81>
        <Filename Value="controller\seleccionexamenctrl.pas"/>
        <IsPartOfProject Value="True"/>
        <UnitName Value="seleccionexamenctrl"/>
      </Unit81>
      <Unit82>
        <Filename Value="model\frmescaladatamodule.pas"/>
        <IsPartOfProject Value="True"/>
        <ComponentName Value="EscalaDataModule"/>
        <HasResources Value="True"/>
        <ResourceBaseClass Value="DataModule"/>
        <UnitName Value="frmescaladatamodule"/>
      </Unit82>
      <Unit83>
        <Filename Value="controller\escalactrl.pas"/>
        <IsPartOfProject Value="True"/>
        <UnitName Value="escalactrl"/>
      </Unit83>
      <Unit84>
        <Filename Value="view\frmprocesoescala.pas"/>
        <IsPartOfProject Value="True"/>
        <ComponentName Value="ProcesoEscala"/>
        <HasResources Value="True"/>
        <ResourceBaseClass Value="Form"/>
        <UnitName Value="frmprocesoescala"/>
      </Unit84>
      <Unit85>
        <Filename Value="model\frmtrabajosdatamodule.pas"/>
        <IsPartOfProject Value="True"/>
        <ComponentName Value="TrabajosDataModule"/>
        <HasResources Value="True"/>
        <ResourceBaseClass Value="DataModule"/>
        <UnitName Value="frmtrabajosdatamodule"/>
      </Unit85>
      <Unit86>
        <Filename Value="controller\trabajosctrl.pas"/>
        <IsPartOfProject Value="True"/>
        <UnitName Value="trabajosctrl"/>
      </Unit86>
      <Unit87>
        <Filename Value="view\frmabmtrabajos.pas"/>
        <IsPartOfProject Value="True"/>
        <ComponentName Value="AbmTrabajos"/>
        <HasResources Value="True"/>
        <ResourceBaseClass Value="Form"/>
        <UnitName Value="frmabmtrabajos"/>
      </Unit87>
      <Unit88>
        <Filename Value="view\frmlistaalumnos.pas"/>
        <IsPartOfProject Value="True"/>
        <ComponentName Value="ProcesoListaALumnos"/>
        <HasResources Value="True"/>
        <ResourceBaseClass Value="Form"/>
        <UnitName Value="frmListaALumnos"/>
      </Unit88>
      <Unit89>
        <Filename Value="model\frmnotasdatamodule.pas"/>
        <IsPartOfProject Value="True"/>
        <ComponentName Value="NotasDataModule"/>
        <HasResources Value="True"/>
        <ResourceBaseClass Value="DataModule"/>
        <UnitName Value="frmnotasdatamodule"/>
      </Unit89>
      <Unit90>
        <Filename Value="controller\notasctrl.pas"/>
        <IsPartOfProject Value="True"/>
        <UnitName Value="notasctrl"/>
      </Unit90>
      <Unit91>
        <Filename Value="view\frmprocesonotas.pas"/>
        <IsPartOfProject Value="True"/>
        <ComponentName Value="ProcesoNotas"/>
        <HasResources Value="True"/>
        <ResourceBaseClass Value="Form"/>
        <UnitName Value="frmprocesonotas"/>
      </Unit91>
      <Unit92>
        <Filename Value="model\frmentregadatamodule.pas"/>
        <IsPartOfProject Value="True"/>
        <ComponentName Value="EntregaDataModule"/>
        <HasResources Value="True"/>
        <ResourceBaseClass Value="DataModule"/>
        <UnitName Value="frmentregadatamodule"/>
      </Unit92>
      <Unit93>
        <Filename Value="controller\entregactrl.pas"/>
        <IsPartOfProject Value="True"/>
        <UnitName Value="entregactrl"/>
      </Unit93>
      <Unit94>
        <Filename Value="controller\selecciontrabajosctrl.pas"/>
        <IsPartOfProject Value="True"/>
        <UnitName Value="selecciontrabajosctrl"/>
      </Unit94>
      <Unit95>
        <Filename Value="view\frmprocesoentrega.pas"/>
        <IsPartOfProject Value="True"/>
        <ComponentName Value="ProcesoEntrega"/>
        <HasResources Value="True"/>
        <ResourceBaseClass Value="Form"/>
        <UnitName Value="frmprocesoentrega"/>
      </Unit95>
      <Unit96>
        <Filename Value="view\frmpopupseleccionartrabajos.pas"/>
        <IsPartOfProject Value="True"/>
        <ComponentName Value="PopupSeleccionarTrabajos"/>
        <HasResources Value="True"/>
        <ResourceBaseClass Value="Form"/>
        <UnitName Value="frmpopupseleccionartrabajos"/>
      </Unit96>
      <Unit97>
        <Filename Value="view\frmprocesofacturacompra.pas"/>
        <IsPartOfProject Value="True"/>
        <ComponentName Value="ProcesoFacturaCompra"/>
        <HasResources Value="True"/>
        <ResourceBaseClass Value="Form"/>
        <UnitName Value="frmprocesofacturacompra"/>
      </Unit97>
      <Unit98>
        <Filename Value="view\frmseleccionararea.pas"/>
        <IsPartOfProject Value="True"/>
        <ComponentName Value="PopupSeleccionarArea"/>
        <HasResources Value="True"/>
        <ResourceBaseClass Value="Form"/>
        <UnitName Value="frmseleccionararea"/>
      </Unit98>
      <Unit99>
        <Filename Value="view\frmseleccionacademias.pas"/>
        <IsPartOfProject Value="True"/>
        <ComponentName Value="PopupSeleccionarAcademia"/>
        <HasResources Value="True"/>
        <ResourceBaseClass Value="Form"/>
        <UnitName Value="frmseleccionacademias"/>
      </Unit99>
      <Unit100>
        <Filename Value="view\frmabmaranceles.pas"/>
        <IsPartOfProject Value="True"/>
        <ComponentName Value="AbmAranceles"/>
        <HasResources Value="True"/>
        <ResourceBaseClass Value="Form"/>
        <UnitName Value="frmabmaranceles"/>
      </Unit100>
      <Unit101>
        <Filename Value="controller\arancelesctrl.pas"/>
        <IsPartOfProject Value="True"/>
        <UnitName Value="arancelesctrl"/>
      </Unit101>
      <Unit102>
        <Filename Value="model\frmimpuestodadamodule.pas"/>
        <IsPartOfProject Value="True"/>
        <ComponentName Value="ImpuestoDataModule"/>
        <HasResources Value="True"/>
        <ResourceBaseClass Value="DataModule"/>
        <UnitName Value="frmimpuestodadamodule"/>
      </Unit102>
      <Unit103>
        <Filename Value="view\frmabmimpuestos.pas"/>
        <IsPartOfProject Value="True"/>
        <ComponentName Value="AbmImpuestos"/>
        <HasResources Value="True"/>
        <ResourceBaseClass Value="Form"/>
        <UnitName Value="frmabmimpuestos"/>
      </Unit103>
      <Unit104>
        <Filename Value="controller\impuestoctrl.pas"/>
        <IsPartOfProject Value="True"/>
        <UnitName Value="impuestoctrl"/>
      </Unit104>
      <Unit105>
        <Filename Value="view\frmabmmodulos.pas"/>
        <IsPartOfProject Value="True"/>
        <ComponentName Value="AbmModulos"/>
        <HasResources Value="True"/>
        <ResourceBaseClass Value="Form"/>
        <UnitName Value="frmabmmodulos"/>
      </Unit105>
      <Unit106>
        <Filename Value="controller\moduloctrl.pas"/>
        <IsPartOfProject Value="True"/>
        <UnitName Value="moduloctrl"/>
      </Unit106>
      <Unit107>
        <Filename Value="view\frmprocesorecibocompra.pas"/>
        <IsPartOfProject Value="True"/>
        <ComponentName Value="ProcesoReciboCompra"/>
        <HasResources Value="True"/>
        <ResourceBaseClass Value="Form"/>
        <UnitName Value="frmprocesorecibocompra"/>
      </Unit107>
      <Unit108>
        <Filename Value="view\frmprocesonotacreditocompra.pas"/>
        <IsPartOfProject Value="True"/>
        <ComponentName Value="ProcesoNotaCreditoCompra"/>
        <HasResources Value="True"/>
        <ResourceBaseClass Value="Form"/>
        <UnitName Value="frmprocesonotacreditocompra"/>
      </Unit108>
      <Unit109>
        <Filename Value="view\frmseleccionartalonario.pas"/>
        <IsPartOfProject Value="True"/>
        <ComponentName Value="SeleccionarTalonario"/>
        <HasResources Value="True"/>
        <ResourceBaseClass Value="Form"/>
        <UnitName Value="frmseleccionartalonario"/>
      </Unit109>
      <Unit110>
        <Filename Value="controller\talonarioctrl.pas"/>
        <IsPartOfProject Value="True"/>
        <UnitName Value="talonarioctrl"/>
      </Unit110>
      <Unit111>
        <Filename Value="model\frmtalonariodatamodule.pas"/>
        <IsPartOfProject Value="True"/>
        <ComponentName Value="TalonarioDataModule"/>
        <HasResources Value="True"/>
        <ResourceBaseClass Value="DataModule"/>
        <UnitName Value="frmtalonariodatamodule"/>
      </Unit111>
      <Unit112>
        <Filename Value="view\frmabmtalonarios.pas"/>
        <IsPartOfProject Value="True"/>
        <ComponentName Value="AbmTalonarios"/>
        <HasResources Value="True"/>
        <ResourceBaseClass Value="Form"/>
        <UnitName Value="frmabmtalonarios"/>
      </Unit112>
      <Unit113>
        <Filename Value="view\frmmultas.pas"/>
        <IsPartOfProject Value="True"/>
        <ComponentName Value="ProcesoMultas"/>
        <HasResources Value="True"/>
        <ResourceBaseClass Value="Form"/>
        <UnitName Value="frmmultas"/>
      </Unit113>
      <Unit114>
        <Filename Value="model\frmmultasdatamodule.pas"/>
        <IsPartOfProject Value="True"/>
        <ComponentName Value="MultasDataModule"/>
        <HasResources Value="True"/>
        <ResourceBaseClass Value="DataModule"/>
        <UnitName Value="frmmultasdatamodule"/>
      </Unit114>
      <Unit115>
        <Filename Value="controller\multactrl.pas"/>
        <IsPartOfProject Value="True"/>
        <UnitName Value="multactrl"/>
      </Unit115>
      <Unit116>
        <Filename Value="model\frmperiodosdatamodule.pas"/>
        <IsPartOfProject Value="True"/>
        <ComponentName Value="PeriodosDataModule"/>
        <HasResources Value="True"/>
        <ResourceBaseClass Value="DataModule"/>
        <UnitName Value="frmperiodosdatamodule"/>
      </Unit116>
      <Unit117>
        <Filename Value="view\frmabmperiodos.pas"/>
        <IsPartOfProject Value="True"/>
        <ComponentName Value="AbmPeriodos"/>
        <HasResources Value="True"/>
        <ResourceBaseClass Value="Form"/>
        <UnitName Value="frmabmperiodos"/>
      </Unit117>
      <Unit118>
        <Filename Value="controller\periodoctrl.pas"/>
        <IsPartOfProject Value="True"/>
        <UnitName Value="periodoctrl"/>
      </Unit118>
      <Unit119>
        <Filename Value="model\frmgrupodatamodule.pas"/>
        <IsPartOfProject Value="True"/>
        <ComponentName Value="GrupoDataModule"/>
        <HasResources Value="True"/>
        <ResourceBaseClass Value="DataModule"/>
        <UnitName Value="frmgrupodatamodule"/>
      </Unit119>
      <Unit120>
        <Filename Value="view\frmbabmgrupos.pas"/>
        <IsPartOfProject Value="True"/>
        <ComponentName Value="AbmGrupos"/>
        <HasResources Value="True"/>
        <ResourceBaseClass Value="Form"/>
        <UnitName Value="frmbabmgrupos"/>
      </Unit120>
      <Unit121>
        <Filename Value="controller\gruposctrl.pas"/>
        <IsPartOfProject Value="True"/>
        <UnitName Value="gruposctrl"/>
      </Unit121>
      <Unit122>
        <Filename Value="controller\seccionctrl.pas"/>
        <IsPartOfProject Value="True"/>
        <UnitName Value="seccionctrl"/>
      </Unit122>
      <Unit123>
        <Filename Value="view\frmabmsecciones.pas"/>
        <IsPartOfProject Value="True"/>
        <ComponentName Value="AbmSecciones"/>
        <HasResources Value="True"/>
        <ResourceBaseClass Value="Form"/>
        <UnitName Value="frmabmsecciones"/>
      </Unit123>
      <Unit124>
        <Filename Value="controller\materiactrl.pas"/>
        <IsPartOfProject Value="True"/>
        <UnitName Value="materiactrl"/>
      </Unit124>
      <Unit125>
        <Filename Value="view\frmabmmaterias.pas"/>
        <IsPartOfProject Value="True"/>
        <ComponentName Value="AbmMaterias"/>
        <HasResources Value="True"/>
        <ResourceBaseClass Value="Form"/>
        <UnitName Value="frmabmmaterias"/>
      </Unit125>
      <Unit126>
        <Filename Value="view\frmseleccionprerreq.pas"/>
        <IsPartOfProject Value="True"/>
        <ComponentName Value="SeleccionarPrerrequisitos"/>
        <HasResources Value="True"/>
        <ResourceBaseClass Value="Form"/>
        <UnitName Value="frmseleccionprerreq"/>
      </Unit126>
      <Unit127>
        <Filename Value="view\frmabmdesarrollomat.pas"/>
        <IsPartOfProject Value="True"/>
        <ComponentName Value="AbmDesarrolloMAt"/>
        <HasResources Value="True"/>
        <ResourceBaseClass Value="Form"/>
        <UnitName Value="frmabmdesarrollomat"/>
      </Unit127>
      <Unit128>
        <Filename Value="controller\desarrolloctrl.pas"/>
        <IsPartOfProject Value="True"/>
        <UnitName Value="desarrolloctrl"/>
      </Unit128>
      <Unit129>
        <Filename Value="model\frmclasesdatamodule.pas"/>
        <IsPartOfProject Value="True"/>
        <ComponentName Value="ClasesDataModule"/>
        <HasResources Value="True"/>
        <ResourceBaseClass Value="DataModule"/>
        <UnitName Value="frmclasesdatamodule"/>
      </Unit129>
      <Unit130>
        <Filename Value="controller\clasesctrl.pas"/>
        <IsPartOfProject Value="True"/>
        <UnitName Value="clasesctrl"/>
      </Unit130>
      <Unit131>
        <Filename Value="view\frmabmclases.pas"/>
        <IsPartOfProject Value="True"/>
        <ComponentName Value="AbmClases"/>
        <HasResources Value="True"/>
        <ResourceBaseClass Value="Form"/>
        <UnitName Value="frmabmclases"/>
      </Unit131>
      <Unit132>
        <Filename Value="model\frmregistroanecdoticodatamodule.pas"/>
        <IsPartOfProject Value="True"/>
        <ComponentName Value="RegistroAnecdoticoDataModule"/>
        <HasResources Value="True"/>
        <ResourceBaseClass Value="DataModule"/>
        <UnitName Value="frmregistroanecdoticodatamodule"/>
      </Unit132>
      <Unit133>
        <Filename Value="controller\registroanecdoticoctrl.pas"/>
        <IsPartOfProject Value="True"/>
        <UnitName Value="registroanecdoticoctrl"/>
      </Unit133>
      <Unit134>
        <Filename Value="view\frmprocesoreganecdotico.pas"/>
        <IsPartOfProject Value="True"/>
        <ComponentName Value="ProcesoRegistroAnecdotico"/>
        <HasResources Value="True"/>
        <ResourceBaseClass Value="Form"/>
        <UnitName Value="frmprocesoreganecdotico"/>
      </Unit134>
      <Unit135>
        <Filename Value="model\frmequiposdatamodule.pas"/>
        <IsPartOfProject Value="True"/>
        <ComponentName Value="EquiposDataModule"/>
        <HasResources Value="True"/>
        <ResourceBaseClass Value="DataModule"/>
        <UnitName Value="frmequiposdatamodule"/>
      </Unit135>
      <Unit136>
        <Filename Value="controller\equipoctrl.pas"/>
        <IsPartOfProject Value="True"/>
        <UnitName Value="equipoctrl"/>
      </Unit136>
      <Unit137>
        <Filename Value="model\frmprestamodatamodule.pas"/>
        <IsPartOfProject Value="True"/>
        <ComponentName Value="PrestamoDataModule"/>
        <HasResources Value="True"/>
        <ResourceBaseClass Value="DataModule"/>
        <UnitName Value="frmprestamodatamodule"/>
      </Unit137>
      <Unit138>
        <Filename Value="controller\prestamoctrl.pas"/>
        <IsPartOfProject Value="True"/>
        <UnitName Value="prestamoctrl"/>
      </Unit138>
      <Unit139>
        <Filename Value="view\frmabmequipos.pas"/>
        <IsPartOfProject Value="True"/>
        <ComponentName Value="AbmEquipos"/>
        <HasResources Value="True"/>
        <ResourceBaseClass Value="Form"/>
        <UnitName Value="frmabmequipos"/>
      </Unit139>
      <Unit140>
        <Filename Value="view\frmabmprestamos.pas"/>
        <IsPartOfProject Value="True"/>
        <ComponentName Value="AbmPrestamos"/>
        <HasResources Value="True"/>
        <ResourceBaseClass Value="Form"/>
        <UnitName Value="frmabmprestamos"/>
      </Unit140>
      <Unit141>
        <Filename Value="model\frmjustificativodatamodule.pas"/>
        <IsPartOfProject Value="True"/>
        <ComponentName Value="JustificativoDataModule"/>
        <HasResources Value="True"/>
        <ResourceBaseClass Value="DataModule"/>
        <UnitName Value="frmjustificativodatamodule"/>
      </Unit141>
      <Unit142>
        <Filename Value="controller\justificativoctrl.pas"/>
        <IsPartOfProject Value="True"/>
        <UnitName Value="justificativoctrl"/>
      </Unit142>
      <Unit143>
        <Filename Value="view\frmabmjustificativos.pas"/>
        <IsPartOfProject Value="True"/>
        <ComponentName Value="AbmJustificativos"/>
        <HasResources Value="True"/>
        <ResourceBaseClass Value="Form"/>
        <UnitName Value="frmabmjustificativos"/>
      </Unit143>
      <Unit144>
        <Filename Value="view\frmprocesoaprobarjustificativo.pas"/>
        <IsPartOfProject Value="True"/>
        <ComponentName Value="ProcesoAprobarJustificativo"/>
        <HasResources Value="True"/>
        <ResourceBaseClass Value="Form"/>
        <UnitName Value="frmprocesoaprobarjustificativo"/>
      </Unit144>
      <Unit145>
        <Filename Value="model\frmaprobarjustdatamodule.pas"/>
        <IsPartOfProject Value="True"/>
        <ComponentName Value="AprobarJustificativoDataModule"/>
        <HasResources Value="True"/>
        <ResourceBaseClass Value="DataModule"/>
        <UnitName Value="frmaprobarjustdatamodule"/>
      </Unit145>
      <Unit146>
        <Filename Value="view\frmprocesorptingegr.pas"/>
        <IsPartOfProject Value="True"/>
        <ComponentName Value="ProcesoReportIngEgr"/>
        <HasResources Value="True"/>
        <ResourceBaseClass Value="Form"/>
        <UnitName Value="frmprocesorptingegr"/>
      </Unit146>
      <Unit147>
        <Filename Value="model\frmrptingegrdatamodule.pas"/>
        <IsPartOfProject Value="True"/>
        <ComponentName Value="ReporteIngEgrDataModule"/>
        <HasResources Value="True"/>
        <ResourceBaseClass Value="DataModule"/>
        <UnitName Value="frmrptingegrdatamodule"/>
      </Unit147>
      <Unit148>
        <Filename Value="controller\reporteingegrctrl.pas"/>
        <IsPartOfProject Value="True"/>
        <UnitName Value="reporteingegrctrl"/>
      </Unit148>
      <Unit149>
        <Filename Value="view\uhelp.pas"/>
        <IsPartOfProject Value="True"/>
        <ComponentName Value="Form1"/>
        <HasResources Value="True"/>
        <ResourceBaseClass Value="Form"/>
        <UnitName Value="uHelp"/>
      </Unit149>
      <Unit150>
        <Filename Value="view\frmprincipaladministrativo.pas"/>
        <IsPartOfProject Value="True"/>
        <ComponentName Value="PrincipalAdministrativo"/>
        <HasResources Value="True"/>
        <ResourceBaseClass Value="Form"/>
        <UnitName Value="frmprincipaladministrativo"/>
      </Unit150>
      <Unit151>
        <Filename Value="view\frmprocesocargahoraprof.pas"/>
        <IsPartOfProject Value="True"/>
        <ComponentName Value="procesoCargaHoraProf"/>
        <HasResources Value="True"/>
        <ResourceBaseClass Value="Form"/>
        <UnitName Value="frmprocesoCargaHoraProf"/>
      </Unit151>
      <Unit152>
        <Filename Value="controller\asistenciactrl.pas"/>
        <IsPartOfProject Value="True"/>
        <UnitName Value="asistenciactrl"/>
      </Unit152>
    </Units>
  </ProjectOptions>
  <CompilerOptions>
    <Version Value="11"/>
    <PathDelim Value="\"/>
    <Target>
      <Filename Value="mvctest"/>
    </Target>
    <SearchPaths>
      <IncludeFiles Value="$(ProjOutDir)"/>
      <OtherUnitFiles Value="view;model;controller;maestro;base"/>
      <UnitOutputDirectory Value="lib\$(TargetCPU)-$(TargetOS)"/>
    </SearchPaths>
    <CodeGeneration>
      <Optimizations>
        <OptimizationLevel Value="0"/>
      </Optimizations>
    </CodeGeneration>
    <Linking>
      <Options>
        <Win32>
          <GraphicApplication Value="True"/>
        </Win32>
      </Options>
    </Linking>
    <Other>
      <CompilerMessages>
        <MsgFileName Value=""/>
      </CompilerMessages>
      <CompilerPath Value="$(CompPath)"/>
    </Other>
  </CompilerOptions>
  <Debugging>
    <Exceptions Count="3">
      <Item1>
        <Name Value="EAbort"/>
      </Item1>
      <Item2>
        <Name Value="ECodetoolError"/>
      </Item2>
      <Item3>
        <Name Value="EFOpenError"/>
      </Item3>
    </Exceptions>
  </Debugging>
</CONFIG>
